
Microsoft Visual Studio Solution File, Format Version 12.00
# Visual Studio Version 17
VisualStudioVersion = 17.5.002.0
MinimumVisualStudioVersion = 10.0.40219.1
Project("{9A19103F-16F7-4668-BE54-9A1E7A4F7556}") = "design-patterns", "design-patterns.csproj", "{D70B1369-407E-450C-99CD-FAFA5D619862}"
EndProject
Global
	GlobalSection(SolutionConfigurationPlatforms) = preSolution
		Debug|Any CPU = Debug|Any CPU
		Release|Any CPU = Release|Any CPU
	EndGlobalSection
	GlobalSection(ProjectConfigurationPlatforms) = postSolution
		{D70B1369-407E-450C-99CD-FAFA5D619862}.Debug|Any CPU.ActiveCfg = Debug|Any CPU
		{D70B1369-407E-450C-99CD-FAFA5D619862}.Debug|Any CPU.Build.0 = Debug|Any CPU
		{D70B1369-407E-450C-99CD-FAFA5D619862}.Release|Any CPU.ActiveCfg = Release|Any CPU
		{D70B1369-407E-450C-99CD-FAFA5D619862}.Release|Any CPU.Build.0 = Release|Any CPU
	EndGlobalSection
	GlobalSection(SolutionProperties) = preSolution
		HideSolutionNode = FALSE
	EndGlobalSection
	GlobalSection(ExtensibilityGlobals) = postSolution
		SolutionGuid = {DB46B376-7B25-4130-A413-6218DE47F75B}
	EndGlobalSection
EndGlobal
